
Microsoft Visual Studio Solution File, Format Version 12.00
# Visual Studio Version 17
VisualStudioVersion = 17.1.32319.34
MinimumVisualStudioVersion = 10.0.40219.1
Project("{FAE04EC0-301F-11D3-BF4B-00C04F79EFBC}") = "WorkerService3", "WorkerService3\WorkerService3.csproj", "{4D6E8FF2-CADA-4579-A8AA-2130CD6D1B43}"
EndProject
Global
	GlobalSection(SolutionConfigurationPlatforms) = preSolution
		Debug|Any CPU = Debug|Any CPU
		Release|Any CPU = Release|Any CPU
	EndGlobalSection
	GlobalSection(ProjectConfigurationPlatforms) = postSolution
		{4D6E8FF2-CADA-4579-A8AA-2130CD6D1B43}.Debug|Any CPU.ActiveCfg = Debug|Any CPU
		{4D6E8FF2-CADA-4579-A8AA-2130CD6D1B43}.Debug|Any CPU.Build.0 = Debug|Any CPU
		{4D6E8FF2-CADA-4579-A8AA-2130CD6D1B43}.Release|Any CPU.ActiveCfg = Release|Any CPU
		{4D6E8FF2-CADA-4579-A8AA-2130CD6D1B43}.Release|Any CPU.Build.0 = Release|Any CPU
	EndGlobalSection
	GlobalSection(SolutionProperties) = preSolution
		HideSolutionNode = FALSE
	EndGlobalSection
	GlobalSection(ExtensibilityGlobals) = postSolution
		SolutionGuid = {F7EC6AC2-5091-4CF3-9AC3-F2A24C63B531}
	EndGlobalSection
EndGlobal
